PODS:
  - Alamofire (5.6.1)
  - Kingfisher (7.2.4)
  - Moya (15.0.0):
    - Moya/Core (= 15.0.0)
  - Moya/Core (15.0.0):
    - Alamofire (~> 5.0)
  - SwiftGen (6.6.2)

DEPENDENCIES:
  - Kingfisher
  - Moya
  - SwiftGen (~> 6.6.2)

SPEC REPOS:
  trunk:
    - Alamofire
    - Kingfisher
    - Moya
    - SwiftGen

SPEC CHECKSUMS:
  Alamofire: 87bd8c952f9a4454320fce00d9cc3de57bcadaf5
  Kingfisher: 2457be2121734e69e54a2312ecc0150eb9ae70b3
  Moya: 138f0573e53411fb3dc17016add0b748dfbd78ee
  SwiftGen: 1366a7f71aeef49954ca5a63ba4bef6b0f24138c

PODFILE CHECKSUM: e363a2d3b18eb07fd37802c552f357ea4786273e

COCOAPODS: 1.11.3
